// !$*UTF8*$!
{
	archiveVersion = 1;
	classes = {
	};
	objectVersion = 50;
	objects = {

/* Begin PBXBuildFile section */
		15910EE522D39C8200839B40 /* AppDelegate.swift in Sources */ = {isa = PBXBuildFile; fileRef = 15910EE422D39C8200839B40 /* AppDelegate.swift */; };
		15910EE722D39C8200839B40 /* AddItemsViewController.swift in Sources */ = {isa = PBXBuildFile; fileRef = 15910EE622D39C8200839B40 /* AddItemsViewController.swift */; };
		15910EEA22D39C8200839B40 /* Main.storyboard in Resources */ = {isa = PBXBuildFile; fileRef = 15910EE822D39C8200839B40 /* Main.storyboard */; };
		15910EEC22D39C8300839B40 /* Assets.xcassets in Resources */ = {isa = PBXBuildFile; fileRef = 15910EEB22D39C8300839B40 /* Assets.xcassets */; };
		15910EEF22D39C8300839B40 /* LaunchScreen.storyboard in Resources */ = {isa = PBXBuildFile; fileRef = 15910EED22D39C8300839B40 /* LaunchScreen.storyboard */; };
		15910EFA22D39C8300839B40 /* TaxCalculatorEngineTests.swift in Sources */ = {isa = PBXBuildFile; fileRef = 15910EF922D39C8300839B40 /* TaxCalculatorEngineTests.swift */; };
		15910F0522D39CB600839B40 /* TaxCalculatorEngine.swift in Sources */ = {isa = PBXBuildFile; fileRef = 15910F0422D39CB600839B40 /* TaxCalculatorEngine.swift */; };
		15910F0722D3BD8E00839B40 /* ReceiptViewController.swift in Sources */ = {isa = PBXBuildFile; fileRef = 15910F0622D3BD8E00839B40 /* ReceiptViewController.swift */; };
/* End PBXBuildFile section */

/* Begin PBXContainerItemProxy section */
		15910EF622D39C8300839B40 /* PBXContainerItemProxy */ = {
			isa = PBXContainerItemProxy;
			containerPortal = 15910ED922D39C8200839B40 /* Project object */;
			proxyType = 1;
			remoteGlobalIDString = 15910EE022D39C8200839B40;
			remoteInfo = TaxCalculator_TCS;
		};
/* End PBXContainerItemProxy section */

/* Begin PBXFileReference section */
		15910EE122D39C8200839B40 /* TaxCalculator_TCS.app */ = {isa = PBXFileReference; explicitFileType = wrapper.application; includeInIndex = 0; path = TaxCalculator_TCS.app; sourceTree = BUILT_PRODUCTS_DIR; };
		15910EE422D39C8200839B40 /* AppDelegate.swift */ = {isa = PBXFileReference; lastKnownFileType = sourcecode.swift; path = AppDelegate.swift; sourceTree = "<group>"; };
		15910EE622D39C8200839B40 /* AddItemsViewController.swift */ = {isa = PBXFileReference; lastKnownFileType = sourcecode.swift; path = AddItemsViewController.swift; sourceTree = "<group>"; };
		15910EE922D39C8200839B40 /* Base */ = {isa = PBXFileReference; lastKnownFileType = file.storyboard; name = Base; path = Base.lproj/Main.storyboard; sourceTree = "<group>"; };
		15910EEB22D39C8300839B40 /* Assets.xcassets */ = {isa = PBXFileReference; lastKnownFileType = folder.assetcatalog; path = Assets.xcassets; sourceTree = "<group>"; };
		15910EEE22D39C8300839B40 /* Base */ = {isa = PBXFileReference; lastKnownFileType = file.storyboard; name = Base; path = Base.lproj/LaunchScreen.storyboard; sourceTree = "<group>"; };
		15910EF022D39C8300839B40 /* Info.plist */ = {isa = PBXFileReference; lastKnownFileType = text.plist.xml; path = Info.plist; sourceTree = "<group>"; };
		15910EF522D39C8300839B40 /* TaxCalculator_TCSTests.xctest */ = {isa = PBXFileReference; explicitFileType = wrapper.cfbundle; includeInIndex = 0; path = TaxCalculator_TCSTests.xctest; sourceTree = BUILT_PRODUCTS_DIR; };
		15910EF922D39C8300839B40 /* TaxCalculatorEngineTests.swift */ = {isa = PBXFileReference; lastKnownFileType = sourcecode.swift; path = TaxCalculatorEngineTests.swift; sourceTree = "<group>"; };
		15910EFB22D39C8300839B40 /* Info.plist */ = {isa = PBXFileReference; lastKnownFileType = text.plist.xml; path = Info.plist; sourceTree = "<group>"; };
		15910F0422D39CB600839B40 /* TaxCalculatorEngine.swift */ = {isa = PBXFileReference; lastKnownFileType = sourcecode.swift; path = TaxCalculatorEngine.swift; sourceTree = "<group>"; };
		15910F0622D3BD8E00839B40 /* ReceiptViewController.swift */ = {isa = PBXFileReference; lastKnownFileType = sourcecode.swift; path = ReceiptViewController.swift; sourceTree = "<group>"; };
/* End PBXFileReference section */

/* Begin PBXFrameworksBuildPhase section */
		15910EDE22D39C8200839B40 /* Frameworks */ = {
			isa = PBXFrameworksBuildPhase;
			buildActionMask = 2147483647;
			files = (
			);
			runOnlyForDeploymentPostprocessing = 0;
		};
		15910EF222D39C8300839B40 /* Frameworks */ = {
			isa = PBXFrameworksBuildPhase;
			buildActionMask = 2147483647;
			files = (
			);
			runOnlyForDeploymentPostprocessing = 0;
		};
/* End PBXFrameworksBuildPhase section */

/* Begin PBXGroup section */
		15910ED822D39C8200839B40 = {
			isa = PBXGroup;
			children = (
				15910EE322D39C8200839B40 /* TaxCalculator_TCS */,
				15910EF822D39C8300839B40 /* TaxCalculator_TCSTests */,
				15910EE222D39C8200839B40 /* Products */,
			);
			sourceTree = "<group>";
		};
		15910EE222D39C8200839B40 /* Products */ = {
			isa = PBXGroup;
			children = (
				15910EE122D39C8200839B40 /* TaxCalculator_TCS.app */,
				15910EF522D39C8300839B40 /* TaxCalculator_TCSTests.xctest */,
			);
			name = Products;
			sourceTree = "<group>";
		};
		15910EE322D39C8200839B40 /* TaxCalculator_TCS */ = {
			isa = PBXGroup;
			children = (
				15910EE422D39C8200839B40 /* AppDelegate.swift */,
				15910EE622D39C8200839B40 /* AddItemsViewController.swift */,
				15910F0622D3BD8E00839B40 /* ReceiptViewController.swift */,
				15910F0422D39CB600839B40 /* TaxCalculatorEngine.swift */,
				15910EE822D39C8200839B40 /* Main.storyboard */,
				15910EEB22D39C8300839B40 /* Assets.xcassets */,
				15910EED22D39C8300839B40 /* LaunchScreen.storyboard */,
				15910EF022D39C8300839B40 /* Info.plist */,
			);
			path = TaxCalculator_TCS;
			sourceTree = "<group>";
		};
		15910EF822D39C8300839B40 /* TaxCalculator_TCSTests */ = {
			isa = PBXGroup;
			children = (
				15910EF922D39C8300839B40 /* TaxCalculatorEngineTests.swift */,
				15910EFB22D39C8300839B40 /* Info.plist */,
			);
			path = TaxCalculator_TCSTests;
			sourceTree = "<group>";
		};
/* End PBXGroup section */

/* Begin PBXNativeTarget section */
		15910EE022D39C8200839B40 /* TaxCalculator_TCS */ = {
			isa = PBXNativeTarget;
			buildConfigurationList = 15910EFE22D39C8300839B40 /* Build configuration list for PBXNativeTarget "TaxCalculator_TCS" */;
			buildPhases = (
				15910EDD22D39C8200839B40 /* Sources */,
				15910EDE22D39C8200839B40 /* Frameworks */,
				15910EDF22D39C8200839B40 /* Resources */,
			);
			buildRules = (
			);
			dependencies = (
			);
			name = TaxCalculator_TCS;
			productName = TaxCalculator_TCS;
			productReference = 15910EE122D39C8200839B40 /* TaxCalculator_TCS.app */;
			productType = "com.apple.product-type.application";
		};
		15910EF422D39C8300839B40 /* TaxCalculator_TCSTests */ = {
			isa = PBXNativeTarget;
			buildConfigurationList = 15910F0122D39C8300839B40 /* Build configuration list for PBXNativeTarget "TaxCalculator_TCSTests" */;
			buildPhases = (
				15910EF122D39C8300839B40 /* Sources */,
				15910EF222D39C8300839B40 /* Frameworks */,
				15910EF322D39C8300839B40 /* Resources */,
			);
			buildRules = (
			);
			dependencies = (
				15910EF722D39C8300839B40 /* PBXTargetDependency */,
			);
			name = TaxCalculator_TCSTests;
			productName = TaxCalculator_TCSTests;
			productReference = 15910EF522D39C8300839B40 /* TaxCalculator_TCSTests.xctest */;
			productType = "com.apple.product-type.bundle.unit-test";
		};
/* End PBXNativeTarget section */

/* Begin PBXProject section */
		15910ED922D39C8200839B40 /* Project object */ = {
			isa = PBXProject;
			attributes = {
				LastSwiftUpdateCheck = 1020;
				LastUpgradeCheck = 1020;
				ORGANIZATIONNAME = "Charlie Nnguyen";
				TargetAttributes = {
					15910EE022D39C8200839B40 = {
						CreatedOnToolsVersion = 10.2.1;
					};
					15910EF422D39C8300839B40 = {
						CreatedOnToolsVersion = 10.2.1;
						TestTargetID = 15910EE022D39C8200839B40;
					};
				};
			};
			buildConfigurationList = 15910EDC22D39C8200839B40 /* Build configuration list for PBXProject "TaxCalculator_TCS" */;
			compatibilityVersion = "Xcode 9.3";
			developmentRegion = en;
			hasScannedForEncodings = 0;
			knownRegions = (
				en,
				Base,
			);
			mainGroup = 15910ED822D39C8200839B40;
			productRefGroup = 15910EE222D39C8200839B40 /* Products */;
			projectDirPath = "";
			projectRoot = "";
			targets = (
				15910EE022D39C8200839B40 /* TaxCalculator_TCS */,
				15910EF422D39C8300839B40 /* TaxCalculator_TCSTests */,
			);
		};
/* End PBXProject section */

/* Begin PBXResourcesBuildPhase section */
		15910EDF22D39C8200839B40 /* Resources */ = {
			isa = PBXResourcesBuildPhase;
			buildActionMask = 2147483647;
			files = (
				15910EEF22D39C8300839B40 /* LaunchScreen.storyboard in Resources */,
				15910EEC22D39C8300839B40 /* Assets.xcassets in Resources */,
				15910EEA22D39C8200839B40 /* Main.storyboard in Resources */,
			);
			runOnlyForDeploymentPostprocessing = 0;
		};
		15910EF322D39C8300839B40 /* Resources */ = {
			isa = PBXResourcesBuildPhase;
			buildActionMask = 2147483647;
			files = (
			);
			runOnlyForDeploymentPostprocessing = 0;
		};
/* End PBXResourcesBuildPhase section */

/* Begin PBXSourcesBuildPhase section */
		15910EDD22D39C8200839B40 /* Sources */ = {
			isa = PBXSourcesBuildPhase;
			buildActionMask = 2147483647;
			files = (
				15910F0522D39CB600839B40 /* TaxCalculatorEngine.swift in Sources */,
				15910F0722D3BD8E00839B40 /* ReceiptViewController.swift in Sources */,
				15910EE722D39C8200839B40 /* AddItemsViewController.swift in Sources */,
				15910EE522D39C8200839B40 /* AppDelegate.swift in Sources */,
			);
			runOnlyForDeploymentPostprocessing = 0;
		};
		15910EF122D39C8300839B40 /* Sources */ = {
			isa = PBXSourcesBuildPhase;
			buildActionMask = 2147483647;
			files = (
				15910EFA22D39C8300839B40 /* TaxCalculatorEngineTests.swift in Sources */,
			);
			runOnlyForDeploymentPostprocessing = 0;
		};
/* End PBXSourcesBuildPhase section */

/* Begin PBXTargetDependency section */
		15910EF722D39C8300839B40 /* PBXTargetDependency */ = {
			isa = PBXTargetDependency;
			target = 15910EE022D39C8200839B40 /* TaxCalculator_TCS */;
			targetProxy = 15910EF622D39C8300839B40 /* PBXContainerItemProxy */;
		};
/* End PBXTargetDependency section */

/* Begin PBXVariantGroup section */
		15910EE822D39C8200839B40 /* Main.storyboard */ = {
			isa = PBXVariantGroup;
			children = (
				15910EE922D39C8200839B40 /* Base */,
			);
			name = Main.storyboard;
			sourceTree = "<group>";
		};
		15910EED22D39C8300839B40 /* LaunchScreen.storyboard */ = {
			isa = PBXVariantGroup;
			children = (
				15910EEE22D39C8300839B40 /* Base */,
			);
			name = LaunchScreen.storyboard;
			sourceTree = "<group>";
		};
/* End PBXVariantGroup section */

/* Begin XCBuildConfiguration section */
		15910EFC22D39C8300839B40 /* Debug */ = {
			isa = XCBuildConfiguration;
			buildSettings = {
				ALWAYS_SEARCH_USER_PATHS = NO;
				CLANG_ANALYZER_NONNULL = YES;
				CLANG_ANALYZER_NUMBER_OBJECT_CONVERSION = YES_AGGRESSIVE;
				CLANG_CXX_LANGUAGE_STANDARD = "gnu++14";
				CLANG_CXX_LIBRARY = "libc++";
				CLANG_ENABLE_MODULES = YES;
				CLANG_ENABLE_OBJC_ARC = YES;
				CLANG_ENABLE_OBJC_WEAK = YES;
				CLANG_WARN_BLOCK_CAPTURE_AUTORELEASING = YES;
				CLANG_WARN_BOOL_CONVERSION = YES;
				CLANG_WARN_COMMA = YES;
				CLANG_WARN_CONSTANT_CONVERSION = YES;
				CLANG_WARN_DEPRECATED_OBJC_IMPLEMENTATIONS = YES;
				CLANG_WARN_DIRECT_OBJC_ISA_USAGE = YES_ERROR;
				CLANG_WARN_DOCUMENTATION_COMMENTS = YES;
				CLANG_WARN_EMPTY_BODY = YES;
				CLANG_WARN_ENUM_CONVERSION = YES;
				CLANG_WARN_INFINITE_RECURSION = YES;
				CLANG_WARN_INT_CONVERSION = YES;
				CLANG_WARN_NON_LITERAL_NULL_CONVERSION = YES;
				CLANG_WARN_OBJC_IMPLICIT_RETAIN_SELF = YES;
				CLANG_WARN_OBJC_LITERAL_CONVERSION = YES;
				CLANG_WARN_OBJC_ROOT_CLASS = YES_ERROR;
				CLANG_WARN_RANGE_LOOP_ANALYSIS = YES;
				CLANG_WARN_STRICT_PROTOTYPES = YES;
				CLANG_WARN_SUSPICIOUS_MOVE = YES;
				CLANG_WARN_UNGUARDED_AVAILABILITY = YES_AGGRESSIVE;
				CLANG_WARN_UNREACHABLE_CODE = YES;
				CLANG_WARN__DUPLICATE_METHOD_MATCH = YES;
				CODE_SIGN_IDENTITY = "iPhone Developer";
				COPY_PHASE_STRIP = NO;
				DEBUG_INFORMATION_FORMAT = dwarf;
				ENABLE_STRICT_OBJC_MSGSEND = YES;
				ENABLE_TESTABILITY = YES;
				GCC_C_LANGUAGE_STANDARD = gnu11;
				GCC_DYNAMIC_NO_PIC = NO;
				GCC_NO_COMMON_BLOCKS = YES;
				GCC_OPTIMIZATION_LEVEL = 0;
				GCC_PREPROCESSOR_DEFINITIONS = (
					"DEBUG=1",
					"$(inherited)",
				);
				GCC_WARN_64_TO_32_BIT_CONVERSION = YES;
				GCC_WARN_ABOUT_RETURN_TYPE = YES_ERROR;
				GCC_WARN_UNDECLARED_SELECTOR = YES;
				GCC_WARN_UNINITIALIZED_AUTOS = YES_AGGRESSIVE;
				GCC_WARN_UNUSED_FUNCTION = YES;
				GCC_WARN_UNUSED_VARIABLE = YES;
				IPHONEOS_DEPLOYMENT_TARGET = 12.2;
				MTL_ENABLE_DEBUG_INFO = INCLUDE_SOURCE;
				MTL_FAST_MATH = YES;
				ONLY_ACTIVE_ARCH = YES;
				SDKROOT = iphoneos;
				SWIFT_ACTIVE_COMPILATION_CONDITIONS = DEBUG;
				SWIFT_OPTIMIZATION_LEVEL = "-Onone";
			};
			name = Debug;
		};
		15910EFD22D39C8300839B40 /* Release */ = {
			isa = XCBuildConfiguration;
			buildSettings = {
				ALWAYS_SEARCH_USER_PATHS = NO;
				CLANG_ANALYZER_NONNULL = YES;
				CLANG_ANALYZER_NUMBER_OBJECT_CONVERSION = YES_AGGRESSIVE;
				CLANG_CXX_LANGUAGE_STANDARD = "gnu++14";
				CLANG_CXX_LIBRARY = "libc++";
				CLANG_ENABLE_MODULES = YES;
				CLANG_ENABLE_OBJC_ARC = YES;
				CLANG_ENABLE_OBJC_WEAK = YES;
				CLANG_WARN_BLOCK_CAPTURE_AUTORELEASING = YES;
				CLANG_WARN_BOOL_CONVERSION = YES;
				CLANG_WARN_COMMA = YES;
				CLANG_WARN_CONSTANT_CONVERSION = YES;
				CLANG_WARN_DEPRECATED_OBJC_IMPLEMENTATIONS = YES;
				CLANG_WARN_DIRECT_OBJC_ISA_USAGE = YES_ERROR;
				CLANG_WARN_DOCUMENTATION_COMMENTS = YES;
				CLANG_WARN_EMPTY_BODY = YES;
				CLANG_WARN_ENUM_CONVERSION = YES;
				CLANG_WARN_INFINITE_RECURSION = YES;
				CLANG_WARN_INT_CONVERSION = YES;
				CLANG_WARN_NON_LITERAL_NULL_CONVERSION = YES;
				CLANG_WARN_OBJC_IMPLICIT_RETAIN_SELF = YES;
				CLANG_WARN_OBJC_LITERAL_CONVERSION = YES;
				CLANG_WARN_OBJC_ROOT_CLASS = YES_ERROR;
				CLANG_WARN_RANGE_LOOP_ANALYSIS = YES;
				CLANG_WARN_STRICT_PROTOTYPES = YES;
				CLANG_WARN_SUSPICIOUS_MOVE = YES;
				CLANG_WARN_UNGUARDED_AVAILABILITY = YES_AGGRESSIVE;
				CLANG_WARN_UNREACHABLE_CODE = YES;
				CLANG_WARN__DUPLICATE_METHOD_MATCH = YES;
				CODE_SIGN_IDENTITY = "iPhone Developer";
				COPY_PHASE_STRIP = NO;
				DEBUG_INFORMATION_FORMAT = "dwarf-with-dsym";
				ENABLE_NS_ASSERTIONS = NO;
				ENABLE_STRICT_OBJC_MSGSEND = YES;
				GCC_C_LANGUAGE_STANDARD = gnu11;
				GCC_NO_COMMON_BLOCKS = YES;
				GCC_WARN_64_TO_32_BIT_CONVERSION = YES;
				GCC_WARN_ABOUT_RETURN_TYPE = YES_ERROR;
				GCC_WARN_UNDECLARED_SELECTOR = YES;
				GCC_WARN_UNINITIALIZED_AUTOS = YES_AGGRESSIVE;
				GCC_WARN_UNUSED_FUNCTION = YES;
				GCC_WARN_UNUSED_VARIABLE = YES;
				IPHONEOS_DEPLOYMENT_TARGET = 12.2;
				MTL_ENABLE_DEBUG_INFO = NO;
				MTL_FAST_MATH = YES;
				SDKROOT = iphoneos;
				SWIFT_COMPILATION_MODE = wholemodule;
				SWIFT_OPTIMIZATION_LEVEL = "-O";
				VALIDATE_PRODUCT = YES;
			};
			name = Release;
		};
		15910EFF22D39C8300839B40 /* Debug */ = {
			isa = XCBuildConfiguration;
			buildSettings = {
				ASSETCATALOG_COMPILER_APPICON_NAME = AppIcon;
				CODE_SIGN_STYLE = Manual;
				DEVELOPMENT_TEAM = "";
				INFOPLIST_FILE = TaxCalculator_TCS/Info.plist;
				LD_RUNPATH_SEARCH_PATHS = (
					"$(inherited)",
					"@executable_path/Frameworks",
				);
				PRODUCT_BUNDLE_IDENTIFIER = "com.test.TaxCalculator-TCS";
				PRODUCT_NAME = "$(TARGET_NAME)";
				PROVISIONING_PROFILE_SPECIFIER = "";
				SWIFT_VERSION = 5.0;
				TARGETED_DEVICE_FAMILY = "1,2";
			};
			name = Debug;
		};
		15910F0022D39C8300839B40 /* Release */ = {
			isa = XCBuildConfiguration;
			buildSettings = {
				ASSETCATALOG_COMPILER_APPICON_NAME = AppIcon;
				CODE_SIGN_STYLE = Manual;
				DEVELOPMENT_TEAM = "";
				INFOPLIST_FILE = TaxCalculator_TCS/Info.plist;
				LD_RUNPATH_SEARCH_PATHS = (
					"$(inherited)",
					"@executable_path/Frameworks",
				);
				PRODUCT_BUNDLE_IDENTIFIER = "com.test.TaxCalculator-TCS";
				PRODUCT_NAME = "$(TARGET_NAME)";
				PROVISIONING_PROFILE_SPECIFIER = "";
				SWIFT_VERSION = 5.0;
				TARGETED_DEVICE_FAMILY = "1,2";
			};
			name = Release;
		};
		15910F0222D39C8300839B40 /* Debug */ = {
			isa = XCBuildConfiguration;
			buildSettings = {
				ALWAYS_EMBED_SWIFT_STANDARD_LIBRARIES = YES;
				BUNDLE_LOADER = "$(TEST_HOST)";
				CODE_SIGN_STYLE = Automatic;
				INFOPLIST_FILE = TaxCalculator_TCSTests/Info.plist;
				LD_RUNPATH_SEARCH_PATHS = (
					"$(inherited)",
					"@executable_path/Frameworks",
					"@loader_path/Frameworks",
				);
				PRODUCT_BUNDLE_IDENTIFIER = "com.test.TaxCalculator-TCSTests";
				PRODUCT_NAME = "$(TARGET_NAME)";
				SWIFT_VERSION = 5.0;
				TARGETED_DEVICE_FAMILY = "1,2";
				TEST_HOST = "$(BUILT_PRODUCTS_DIR)/TaxCalculator_TCS.app/TaxCalculator_TCS";
			};
			name = Debug;
		};
		15910F0322D39C8300839B40 /* Release */ = {
			isa = XCBuildConfiguration;
			buildSettings = {
				ALWAYS_EMBED_SWIFT_STANDARD_LIBRARIES = YES;
				BUNDLE_LOADER = "$(TEST_HOST)";
				CODE_SIGN_STYLE = Automatic;
				INFOPLIST_FILE = TaxCalculator_TCSTests/Info.plist;
				LD_RUNPATH_SEARCH_PATHS = (
					"$(inherited)",
					"@executable_path/Frameworks",
					"@loader_path/Frameworks",
				);
				PRODUCT_BUNDLE_IDENTIFIER = "com.test.TaxCalculator-TCSTests";
				PRODUCT_NAME = "$(TARGET_NAME)";
				SWIFT_VERSION = 5.0;
				TARGETED_DEVICE_FAMILY = "1,2";
				TEST_HOST = "$(BUILT_PRODUCTS_DIR)/TaxCalculator_TCS.app/TaxCalculator_TCS";
			};
			name = Release;
		};
/* End XCBuildConfiguration section */

/* Begin XCConfigurationList section */
		15910EDC22D39C8200839B40 /* Build configuration list for PBXProject "TaxCalculator_TCS" */ = {
			isa = XCConfigurationList;
			buildConfigurations = (
				15910EFC22D39C8300839B40 /* Debug */,
				15910EFD22D39C8300839B40 /* Release */,
			);
			defaultConfigurationIsVisible = 0;
			defaultConfigurationName = Release;
		};
		15910EFE22D39C8300839B40 /* Build configuration list for PBXNativeTarget "TaxCalculator_TCS" */ = {
			isa = XCConfigurationList;
			buildConfigurations = (
				15910EFF22D39C8300839B40 /* Debug */,
				15910F0022D39C8300839B40 /* Release */,
			);
			defaultConfigurationIsVisible = 0;
			defaultConfigurationName = Release;
		};
		15910F0122D39C8300839B40 /* Build configuration list for PBXNativeTarget "TaxCalculator_TCSTests" */ = {
			isa = XCConfigurationList;
			buildConfigurations = (
				15910F0222D39C8300839B40 /* Debug */,
				15910F0322D39C8300839B40 /* Release */,
			);
			defaultConfigurationIsVisible = 0;
			defaultConfigurationName = Release;
		};
/* End XCConfigurationList section */
	};
	rootObject = 15910ED922D39C8200839B40 /* Project object */;
}
