// !$*UTF8*$!
{
	archiveVersion = 1;
	classes = {
	};
	objectVersion = 50;
	objects = {

/* Begin PBXBuildFile section */
		954044BA25531DA8005CE1EA /* SwiftyJSON.swift in Sources */ = {isa = PBXBuildFile; fileRef = 954044B925531DA8005CE1EA /* SwiftyJSON.swift */; };
		9545730925509F44002F0D9F /* EventTableViewCell.swift in Sources */ = {isa = PBXBuildFile; fileRef = 9545730825509F44002F0D9F /* EventTableViewCell.swift */; };
		957194D9255087A0009ACD91 /* AppDelegate.swift in Sources */ = {isa = PBXBuildFile; fileRef = 957194D8255087A0009ACD91 /* AppDelegate.swift */; };
		957194DB255087A0009ACD91 /* SceneDelegate.swift in Sources */ = {isa = PBXBuildFile; fileRef = 957194DA255087A0009ACD91 /* SceneDelegate.swift */; };
		957194DD255087A0009ACD91 /* ViewController.swift in Sources */ = {isa = PBXBuildFile; fileRef = 957194DC255087A0009ACD91 /* ViewController.swift */; };
		957194E0255087A0009ACD91 /* Main.storyboard in Resources */ = {isa = PBXBuildFile; fileRef = 957194DE255087A0009ACD91 /* Main.storyboard */; };
		957194E3255087A0009ACD91 /* FavouriteEvents.xcdatamodeld in Sources */ = {isa = PBXBuildFile; fileRef = 957194E1255087A0009ACD91 /* FavouriteEvents.xcdatamodeld */; };
		957194E5255087A3009ACD91 /* Assets.xcassets in Resources */ = {isa = PBXBuildFile; fileRef = 957194E4255087A3009ACD91 /* Assets.xcassets */; };
		957194E8255087A3009ACD91 /* LaunchScreen.storyboard in Resources */ = {isa = PBXBuildFile; fileRef = 957194E6255087A3009ACD91 /* LaunchScreen.storyboard */; };
		957194F1255087CE009ACD91 /* Models.swift in Sources */ = {isa = PBXBuildFile; fileRef = 957194F0255087CE009ACD91 /* Models.swift */; };
/* End PBXBuildFile section */

/* Begin PBXFileReference section */
		954044B425531BE5005CE1EA /* Event+CoreDataProperties.swift */ = {isa = PBXFileReference; lastKnownFileType = sourcecode.swift; path = "Event+CoreDataProperties.swift"; sourceTree = SOURCE_ROOT; };
		954044B925531DA8005CE1EA /* SwiftyJSON.swift */ = {isa = PBXFileReference; fileEncoding = 4; lastKnownFileType = sourcecode.swift; path = SwiftyJSON.swift; sourceTree = "<group>"; };
		9545730825509F44002F0D9F /* EventTableViewCell.swift */ = {isa = PBXFileReference; lastKnownFileType = sourcecode.swift; name = EventTableViewCell.swift; path = FavouriteEvents/Views/EventTableViewCell.swift; sourceTree = SOURCE_ROOT; };
		957194D5255087A0009ACD91 /* FavouriteEvents.app */ = {isa = PBXFileReference; explicitFileType = wrapper.application; includeInIndex = 0; path = FavouriteEvents.app; sourceTree = BUILT_PRODUCTS_DIR; };
		957194D8255087A0009ACD91 /* AppDelegate.swift */ = {isa = PBXFileReference; lastKnownFileType = sourcecode.swift; path = AppDelegate.swift; sourceTree = "<group>"; };
		957194DA255087A0009ACD91 /* SceneDelegate.swift */ = {isa = PBXFileReference; lastKnownFileType = sourcecode.swift; path = SceneDelegate.swift; sourceTree = "<group>"; };
		957194DC255087A0009ACD91 /* ViewController.swift */ = {isa = PBXFileReference; lastKnownFileType = sourcecode.swift; path = ViewController.swift; sourceTree = "<group>"; };
		957194DF255087A0009ACD91 /* Base */ = {isa = PBXFileReference; lastKnownFileType = file.storyboard; name = Base; path = Base.lproj/Main.storyboard; sourceTree = "<group>"; };
		957194E2255087A0009ACD91 /* FavouriteEvents.xcdatamodel */ = {isa = PBXFileReference; lastKnownFileType = wrapper.xcdatamodel; path = FavouriteEvents.xcdatamodel; sourceTree = "<group>"; };
		957194E4255087A3009ACD91 /* Assets.xcassets */ = {isa = PBXFileReference; lastKnownFileType = folder.assetcatalog; path = Assets.xcassets; sourceTree = "<group>"; };
		957194E7255087A3009ACD91 /* Base */ = {isa = PBXFileReference; lastKnownFileType = file.storyboard; name = Base; path = Base.lproj/LaunchScreen.storyboard; sourceTree = "<group>"; };
		957194E9255087A3009ACD91 /* Info.plist */ = {isa = PBXFileReference; lastKnownFileType = text.plist.xml; path = Info.plist; sourceTree = "<group>"; };
		957194F0255087CE009ACD91 /* Models.swift */ = {isa = PBXFileReference; lastKnownFileType = sourcecode.swift; path = Models.swift; sourceTree = "<group>"; };
/* End PBXFileReference section */

/* Begin PBXFrameworksBuildPhase section */
		957194D2255087A0009ACD91 /* Frameworks */ = {
			isa = PBXFrameworksBuildPhase;
			buildActionMask = 2147483647;
			files = (
			);
			runOnlyForDeploymentPostprocessing = 0;
		};
/* End PBXFrameworksBuildPhase section */

/* Begin PBXGroup section */
		954044A325531784005CE1EA /* Models */ = {
			isa = PBXGroup;
			children = (
				957194F0255087CE009ACD91 /* Models.swift */,
			);
			path = Models;
			sourceTree = "<group>";
		};
		954044A4255317A6005CE1EA /* Views */ = {
			isa = PBXGroup;
			children = (
				9545730825509F44002F0D9F /* EventTableViewCell.swift */,
			);
			path = Views;
			sourceTree = "<group>";
		};
		954044A5255317B1005CE1EA /* Controllers */ = {
			isa = PBXGroup;
			children = (
				957194DC255087A0009ACD91 /* ViewController.swift */,
			);
			path = Controllers;
			sourceTree = "<group>";
		};
		954044A72553182F005CE1EA /* Resources */ = {
			isa = PBXGroup;
			children = (
				957194D8255087A0009ACD91 /* AppDelegate.swift */,
				957194DA255087A0009ACD91 /* SceneDelegate.swift */,
				957194DE255087A0009ACD91 /* Main.storyboard */,
				957194E4255087A3009ACD91 /* Assets.xcassets */,
				957194E6255087A3009ACD91 /* LaunchScreen.storyboard */,
				957194E9255087A3009ACD91 /* Info.plist */,
				957194E1255087A0009ACD91 /* FavouriteEvents.xcdatamodeld */,
				954044B925531DA8005CE1EA /* SwiftyJSON.swift */,
			);
			path = Resources;
			sourceTree = "<group>";
		};
		957194CC255087A0009ACD91 = {
			isa = PBXGroup;
			children = (
				957194D7255087A0009ACD91 /* FavouriteEvents */,
				957194D6255087A0009ACD91 /* Products */,
			);
			sourceTree = "<group>";
		};
		957194D6255087A0009ACD91 /* Products */ = {
			isa = PBXGroup;
			children = (
				957194D5255087A0009ACD91 /* FavouriteEvents.app */,
			);
			name = Products;
			sourceTree = "<group>";
		};
		957194D7255087A0009ACD91 /* FavouriteEvents */ = {
			isa = PBXGroup;
			children = (
				954044B425531BE5005CE1EA /* Event+CoreDataProperties.swift */,
				954044A72553182F005CE1EA /* Resources */,
				954044A5255317B1005CE1EA /* Controllers */,
				954044A4255317A6005CE1EA /* Views */,
				954044A325531784005CE1EA /* Models */,
			);
			path = FavouriteEvents;
			sourceTree = "<group>";
		};
/* End PBXGroup section */

/* Begin PBXNativeTarget section */
		957194D4255087A0009ACD91 /* FavouriteEvents */ = {
			isa = PBXNativeTarget;
			buildConfigurationList = 957194EC255087A3009ACD91 /* Build configuration list for PBXNativeTarget "FavouriteEvents" */;
			buildPhases = (
				957194D1255087A0009ACD91 /* Sources */,
				957194D2255087A0009ACD91 /* Frameworks */,
				957194D3255087A0009ACD91 /* Resources */,
			);
			buildRules = (
			);
			dependencies = (
			);
			name = FavouriteEvents;
			productName = FavouriteEvents;
			productReference = 957194D5255087A0009ACD91 /* FavouriteEvents.app */;
			productType = "com.apple.product-type.application";
		};
/* End PBXNativeTarget section */

/* Begin PBXProject section */
		957194CD255087A0009ACD91 /* Project object */ = {
			isa = PBXProject;
			attributes = {
				LastSwiftUpdateCheck = 1210;
				LastUpgradeCheck = 1210;
				TargetAttributes = {
					957194D4255087A0009ACD91 = {
						CreatedOnToolsVersion = 12.1;
					};
				};
			};
			buildConfigurationList = 957194D0255087A0009ACD91 /* Build configuration list for PBXProject "FavouriteEvents" */;
			compatibilityVersion = "Xcode 9.3";
			developmentRegion = en;
			hasScannedForEncodings = 0;
			knownRegions = (
				en,
				Base,
			);
			mainGroup = 957194CC255087A0009ACD91;
			productRefGroup = 957194D6255087A0009ACD91 /* Products */;
			projectDirPath = "";
			projectRoot = "";
			targets = (
				957194D4255087A0009ACD91 /* FavouriteEvents */,
			);
		};
/* End PBXProject section */

/* Begin PBXResourcesBuildPhase section */
		957194D3255087A0009ACD91 /* Resources */ = {
			isa = PBXResourcesBuildPhase;
			buildActionMask = 2147483647;
			files = (
				957194E8255087A3009ACD91 /* LaunchScreen.storyboard in Resources */,
				957194E5255087A3009ACD91 /* Assets.xcassets in Resources */,
				957194E0255087A0009ACD91 /* Main.storyboard in Resources */,
			);
			runOnlyForDeploymentPostprocessing = 0;
		};
/* End PBXResourcesBuildPhase section */

/* Begin PBXSourcesBuildPhase section */
		957194D1255087A0009ACD91 /* Sources */ = {
			isa = PBXSourcesBuildPhase;
			buildActionMask = 2147483647;
			files = (
				9545730925509F44002F0D9F /* EventTableViewCell.swift in Sources */,
				957194DD255087A0009ACD91 /* ViewController.swift in Sources */,
				957194D9255087A0009ACD91 /* AppDelegate.swift in Sources */,
				957194E3255087A0009ACD91 /* FavouriteEvents.xcdatamodeld in Sources */,
				957194DB255087A0009ACD91 /* SceneDelegate.swift in Sources */,
				954044BA25531DA8005CE1EA /* SwiftyJSON.swift in Sources */,
				957194F1255087CE009ACD91 /* Models.swift in Sources */,
			);
			runOnlyForDeploymentPostprocessing = 0;
		};
/* End PBXSourcesBuildPhase section */

/* Begin PBXVariantGroup section */
		957194DE255087A0009ACD91 /* Main.storyboard */ = {
			isa = PBXVariantGroup;
			children = (
				957194DF255087A0009ACD91 /* Base */,
			);
			name = Main.storyboard;
			sourceTree = "<group>";
		};
		957194E6255087A3009ACD91 /* LaunchScreen.storyboard */ = {
			isa = PBXVariantGroup;
			children = (
				957194E7255087A3009ACD91 /* Base */,
			);
			name = LaunchScreen.storyboard;
			sourceTree = "<group>";
		};
/* End PBXVariantGroup section */

/* Begin XCBuildConfiguration section */
		957194EA255087A3009ACD91 /* Debug */ = {
			isa = XCBuildConfiguration;
			buildSettings = {
				ALWAYS_SEARCH_USER_PATHS = NO;
				CLANG_ANALYZER_NONNULL = YES;
				CLANG_ANALYZER_NUMBER_OBJECT_CONVERSION = YES_AGGRESSIVE;
				CLANG_CXX_LANGUAGE_STANDARD = "gnu++14";
				CLANG_CXX_LIBRARY = "libc++";
				CLANG_ENABLE_MODULES = YES;
				CLANG_ENABLE_OBJC_ARC = YES;
				CLANG_ENABLE_OBJC_WEAK = YES;
				CLANG_WARN_BLOCK_CAPTURE_AUTORELEASING = YES;
				CLANG_WARN_BOOL_CONVERSION = YES;
				CLANG_WARN_COMMA = YES;
				CLANG_WARN_CONSTANT_CONVERSION = YES;
				CLANG_WARN_DEPRECATED_OBJC_IMPLEMENTATIONS = YES;
				CLANG_WARN_DIRECT_OBJC_ISA_USAGE = YES_ERROR;
				CLANG_WARN_DOCUMENTATION_COMMENTS = YES;
				CLANG_WARN_EMPTY_BODY = YES;
				CLANG_WARN_ENUM_CONVERSION = YES;
				CLANG_WARN_INFINITE_RECURSION = YES;
				CLANG_WARN_INT_CONVERSION = YES;
				CLANG_WARN_NON_LITERAL_NULL_CONVERSION = YES;
				CLANG_WARN_OBJC_IMPLICIT_RETAIN_SELF = YES;
				CLANG_WARN_OBJC_LITERAL_CONVERSION = YES;
				CLANG_WARN_OBJC_ROOT_CLASS = YES_ERROR;
				CLANG_WARN_QUOTED_INCLUDE_IN_FRAMEWORK_HEADER = YES;
				CLANG_WARN_RANGE_LOOP_ANALYSIS = YES;
				CLANG_WARN_STRICT_PROTOTYPES = YES;
				CLANG_WARN_SUSPICIOUS_MOVE = YES;
				CLANG_WARN_UNGUARDED_AVAILABILITY = YES_AGGRESSIVE;
				CLANG_WARN_UNREACHABLE_CODE = YES;
				CLANG_WARN__DUPLICATE_METHOD_MATCH = YES;
				COPY_PHASE_STRIP = NO;
				DEBUG_INFORMATION_FORMAT = dwarf;
				ENABLE_STRICT_OBJC_MSGSEND = YES;
				ENABLE_TESTABILITY = YES;
				GCC_C_LANGUAGE_STANDARD = gnu11;
				GCC_DYNAMIC_NO_PIC = NO;
				GCC_NO_COMMON_BLOCKS = YES;
				GCC_OPTIMIZATION_LEVEL = 0;
				GCC_PREPROCESSOR_DEFINITIONS = (
					"DEBUG=1",
					"$(inherited)",
				);
				GCC_WARN_64_TO_32_BIT_CONVERSION = YES;
				GCC_WARN_ABOUT_RETURN_TYPE = YES_ERROR;
				GCC_WARN_UNDECLARED_SELECTOR = YES;
				GCC_WARN_UNINITIALIZED_AUTOS = YES_AGGRESSIVE;
				GCC_WARN_UNUSED_FUNCTION = YES;
				GCC_WARN_UNUSED_VARIABLE = YES;
				IPHONEOS_DEPLOYMENT_TARGET = 14.1;
				MTL_ENABLE_DEBUG_INFO = INCLUDE_SOURCE;
				MTL_FAST_MATH = YES;
				ONLY_ACTIVE_ARCH = YES;
				SDKROOT = iphoneos;
				SWIFT_ACTIVE_COMPILATION_CONDITIONS = DEBUG;
				SWIFT_OPTIMIZATION_LEVEL = "-Onone";
			};
			name = Debug;
		};
		957194EB255087A3009ACD91 /* Release */ = {
			isa = XCBuildConfiguration;
			buildSettings = {
				ALWAYS_SEARCH_USER_PATHS = NO;
				CLANG_ANALYZER_NONNULL = YES;
				CLANG_ANALYZER_NUMBER_OBJECT_CONVERSION = YES_AGGRESSIVE;
				CLANG_CXX_LANGUAGE_STANDARD = "gnu++14";
				CLANG_CXX_LIBRARY = "libc++";
				CLANG_ENABLE_MODULES = YES;
				CLANG_ENABLE_OBJC_ARC = YES;
				CLANG_ENABLE_OBJC_WEAK = YES;
				CLANG_WARN_BLOCK_CAPTURE_AUTORELEASING = YES;
				CLANG_WARN_BOOL_CONVERSION = YES;
				CLANG_WARN_COMMA = YES;
				CLANG_WARN_CONSTANT_CONVERSION = YES;
				CLANG_WARN_DEPRECATED_OBJC_IMPLEMENTATIONS = YES;
				CLANG_WARN_DIRECT_OBJC_ISA_USAGE = YES_ERROR;
				CLANG_WARN_DOCUMENTATION_COMMENTS = YES;
				CLANG_WARN_EMPTY_BODY = YES;
				CLANG_WARN_ENUM_CONVERSION = YES;
				CLANG_WARN_INFINITE_RECURSION = YES;
				CLANG_WARN_INT_CONVERSION = YES;
				CLANG_WARN_NON_LITERAL_NULL_CONVERSION = YES;
				CLANG_WARN_OBJC_IMPLICIT_RETAIN_SELF = YES;
				CLANG_WARN_OBJC_LITERAL_CONVERSION = YES;
				CLANG_WARN_OBJC_ROOT_CLASS = YES_ERROR;
				CLANG_WARN_QUOTED_INCLUDE_IN_FRAMEWORK_HEADER = YES;
				CLANG_WARN_RANGE_LOOP_ANALYSIS = YES;
				CLANG_WARN_STRICT_PROTOTYPES = YES;
				CLANG_WARN_SUSPICIOUS_MOVE = YES;
				CLANG_WARN_UNGUARDED_AVAILABILITY = YES_AGGRESSIVE;
				CLANG_WARN_UNREACHABLE_CODE = YES;
				CLANG_WARN__DUPLICATE_METHOD_MATCH = YES;
				COPY_PHASE_STRIP = NO;
				DEBUG_INFORMATION_FORMAT = "dwarf-with-dsym";
				ENABLE_NS_ASSERTIONS = NO;
				ENABLE_STRICT_OBJC_MSGSEND = YES;
				GCC_C_LANGUAGE_STANDARD = gnu11;
				GCC_NO_COMMON_BLOCKS = YES;
				GCC_WARN_64_TO_32_BIT_CONVERSION = YES;
				GCC_WARN_ABOUT_RETURN_TYPE = YES_ERROR;
				GCC_WARN_UNDECLARED_SELECTOR = YES;
				GCC_WARN_UNINITIALIZED_AUTOS = YES_AGGRESSIVE;
				GCC_WARN_UNUSED_FUNCTION = YES;
				GCC_WARN_UNUSED_VARIABLE = YES;
				IPHONEOS_DEPLOYMENT_TARGET = 14.1;
				MTL_ENABLE_DEBUG_INFO = NO;
				MTL_FAST_MATH = YES;
				SDKROOT = iphoneos;
				SWIFT_COMPILATION_MODE = wholemodule;
				SWIFT_OPTIMIZATION_LEVEL = "-O";
				VALIDATE_PRODUCT = YES;
			};
			name = Release;
		};
		957194ED255087A3009ACD91 /* Debug */ = {
			isa = XCBuildConfiguration;
			buildSettings = {
				ASSETCATALOG_COMPILER_APPICON_NAME = AppIcon;
				ASSETCATALOG_COMPILER_GLOBAL_ACCENT_COLOR_NAME = AccentColor;
				CODE_SIGN_STYLE = Automatic;
				DEVELOPMENT_TEAM = F27HQ4FLX4;
				INFOPLIST_FILE = FavouriteEvents/Resources/Info.plist;
				LD_RUNPATH_SEARCH_PATHS = (
					"$(inherited)",
					"@executable_path/Frameworks",
				);
				PRODUCT_BUNDLE_IDENTIFIER = com.charlienguyen.FavouriteEvents;
				PRODUCT_NAME = "$(TARGET_NAME)";
				SWIFT_VERSION = 5.0;
				TARGETED_DEVICE_FAMILY = 1;
			};
			name = Debug;
		};
		957194EE255087A3009ACD91 /* Release */ = {
			isa = XCBuildConfiguration;
			buildSettings = {
				ASSETCATALOG_COMPILER_APPICON_NAME = AppIcon;
				ASSETCATALOG_COMPILER_GLOBAL_ACCENT_COLOR_NAME = AccentColor;
				CODE_SIGN_STYLE = Automatic;
				DEVELOPMENT_TEAM = F27HQ4FLX4;
				INFOPLIST_FILE = FavouriteEvents/Resources/Info.plist;
				LD_RUNPATH_SEARCH_PATHS = (
					"$(inherited)",
					"@executable_path/Frameworks",
				);
				PRODUCT_BUNDLE_IDENTIFIER = com.charlienguyen.FavouriteEvents;
				PRODUCT_NAME = "$(TARGET_NAME)";
				SWIFT_VERSION = 5.0;
				TARGETED_DEVICE_FAMILY = 1;
			};
			name = Release;
		};
/* End XCBuildConfiguration section */

/* Begin XCConfigurationList section */
		957194D0255087A0009ACD91 /* Build configuration list for PBXProject "FavouriteEvents" */ = {
			isa = XCConfigurationList;
			buildConfigurations = (
				957194EA255087A3009ACD91 /* Debug */,
				957194EB255087A3009ACD91 /* Release */,
			);
			defaultConfigurationIsVisible = 0;
			defaultConfigurationName = Release;
		};
		957194EC255087A3009ACD91 /* Build configuration list for PBXNativeTarget "FavouriteEvents" */ = {
			isa = XCConfigurationList;
			buildConfigurations = (
				957194ED255087A3009ACD91 /* Debug */,
				957194EE255087A3009ACD91 /* Release */,
			);
			defaultConfigurationIsVisible = 0;
			defaultConfigurationName = Release;
		};
/* End XCConfigurationList section */

/* Begin XCVersionGroup section */
		957194E1255087A0009ACD91 /* FavouriteEvents.xcdatamodeld */ = {
			isa = XCVersionGroup;
			children = (
				957194E2255087A0009ACD91 /* FavouriteEvents.xcdatamodel */,
			);
			currentVersion = 957194E2255087A0009ACD91 /* FavouriteEvents.xcdatamodel */;
			path = FavouriteEvents.xcdatamodeld;
			sourceTree = "<group>";
			versionGroupType = wrapper.xcdatamodel;
		};
/* End XCVersionGroup section */
	};
	rootObject = 957194CD255087A0009ACD91 /* Project object */;
}
